
Microsoft Visual Studio Solution File, Format Version 12.00
# Visual Studio Version 17
VisualStudioVersion = 17.0.31903.59
MinimumVisualStudioVersion = 10.0.40219.1
Project("{FAE04EC0-301F-11D3-BF4B-00C04F79EFBC}") = "Engine.Contracts", "src\Engine.Contracts\Engine.Contracts.csproj", "{E0E225B6-5897-4B95-9F43-11BD0AEA6ABF}"
EndProject
Project("{FAE04EC0-301F-11D3-BF4B-00C04F79EFBC}") = "Engine.Adapter.PInvoke", "src\Engine.Adapters\Engine.Adapter.PInvoke\Engine.Adapter.PInvoke.csproj", "{A2222222-2222-4222-8222-222222222222}"
EndProject
Project("{8BC9CEB8-8B4A-11D0-8D11-00A0C91BC942}") = "Engine.Adapter.CppCli", "src\Engine.Adapters\Engine.Adapter.CppCli\Engine.Adapter.CppCli.vcxproj", "{A3333333-3333-4333-8333-333333333333}"
EndProject
Project("{8BC9CEB8-8B4A-11D0-8D11-00A0C91BC942}") = "Engine.Native", "src\Engine.Native\Engine.Native.vcxproj", "{B7777777-7777-4777-8777-777777777777}"
EndProject
Project("{FAE04EC0-301F-11D3-BF4B-00C04F79EFBC}") = "Engine.Adapter.Grpc", "src\Engine.Adapters\Engine.Adapter.Grpc\Engine.Adapter.Grpc.csproj", "{A4444444-4444-4444-8444-444444444444}"
EndProject
Project("{FAE04EC0-301F-11D3-BF4B-00C04F79EFBC}") = "Engine.Adapter.Simulator", "src\Engine.Adapters\Engine.Adapter.Simulator\Engine.Adapter.Simulator.csproj", "{A5555555-5555-4555-8555-555555555555}"
EndProject
Project("{FAE04EC0-301F-11D3-BF4B-00C04F79EFBC}") = "Application", "src\Application\Application.csproj", "{98A8C60B-08CB-4EBC-B7AB-96EF55E0EF6A}"
EndProject
Project("{FAE04EC0-301F-11D3-BF4B-00C04F79EFBC}") = "Presentation", "src\Presentation\Presentation.csproj", "{C5B72293-A9C6-4027-B65C-AE0FB855C74C}"
EndProject
Project("{FAE04EC0-301F-11D3-BF4B-00C04F79EFBC}") = "WpfClient", "src\Clients\WpfClient\WpfClient.csproj", "{685E2074-F98C-4452-B626-6BC70CCD314B}"
EndProject
Project("{FAE04EC0-301F-11D3-BF4B-00C04F79EFBC}") = "WinUIClient", "src\Clients\WinUIClient\WinUIClient.csproj", "{A1111111-1111-4111-8111-111111111111}"
EndProject
Project("{FAE04EC0-301F-11D3-BF4B-00C04F79EFBC}") = "MauiClient", "src\Clients\MauiClient\MauiClient.csproj", "{0962B178-DB11-48F2-8B5A-32A1E07A7DA8}"
EndProject
Project("{FAE04EC0-301F-11D3-BF4B-00C04F79EFBC}") = "HeadlessClient", "src\Clients\HeadlessClient\HeadlessClient.csproj", "{DDE142A5-E09D-45B1-B3AF-9939448A0348}"
EndProject
Project("{FAE04EC0-301F-11D3-BF4B-00C04F79EFBC}") = "Application.Tests", "tests\Unit\Application.Tests\Application.Tests.csproj", "{C1111111-1111-4111-8111-111111111111}"
EndProject
Project("{FAE04EC0-301F-11D3-BF4B-00C04F79EFBC}") = "Presentation.Tests", "tests\Unit\Presentation.Tests\Presentation.Tests.csproj", "{C5555555-5555-4555-8555-555555555555}"
EndProject
Project("{FAE04EC0-301F-11D3-BF4B-00C04F79EFBC}") = "Integration.Tests", "tests\Integration\Workflow.Tests\Integration.Tests.csproj", "{C2222222-2222-4222-8222-222222222222}"
EndProject
Project("{FAE04EC0-301F-11D3-BF4B-00C04F79EFBC}") = "PInvoke.Adapter.Tests", "tests\Integration\PInvoke.Adapter.Tests\PInvoke.Adapter.Tests.csproj", "{C6666666-6666-4666-8666-666666666666}"
EndProject
Project("{FAE04EC0-301F-11D3-BF4B-00C04F79EFBC}") = "CppCli.Adapter.Tests", "tests\Integration\CppCli.Adapter.Tests\CppCli.Adapter.Tests.csproj", "{C7777777-7777-4777-8777-777777777777}"
EndProject
Project("{FAE04EC0-301F-11D3-BF4B-00C04F79EFBC}") = "Headless.Tests", "tests\Headless\Headless.Tests.csproj", "{C3333333-3333-4333-8333-333333333333}"
EndProject
Project("{FAE04EC0-301F-11D3-BF4B-00C04F79EFBC}") = "Wpf.UiTests", "tests\UI\Wpf.UiTests\Wpf.UiTests.csproj", "{C4444444-4444-4444-8444-444444444444}"
EndProject
Project("{2150E333-8FDC-42A3-9474-1A3956D46DE8}") = "src", "src", "{8D51AF56-679A-4A71-ADAF-6C707FFDAB45}"
EndProject
Project("{2150E333-8FDC-42A3-9474-1A3956D46DE8}") = "Engine.Adapters", "Engine.Adapters", "{B6666666-6666-4666-8666-666666666666}"
EndProject
Project("{2150E333-8FDC-42A3-9474-1A3956D46DE8}") = "Clients", "Clients", "{32399779-9540-46A4-B468-C3A43B4E9DA8}"
EndProject
Project("{2150E333-8FDC-42A3-9474-1A3956D46DE8}") = "tests", "tests", "{19DFF8CD-A4D5-4554-8FB5-DC63B2290727}"
EndProject
Project("{2150E333-8FDC-42A3-9474-1A3956D46DE8}") = "Unit", "Unit", "{D1111111-1111-4111-8111-111111111111}"
EndProject
Project("{2150E333-8FDC-42A3-9474-1A3956D46DE8}") = "Integration", "Integration", "{D2222222-2222-4222-8222-222222222222}"
EndProject
Project("{2150E333-8FDC-42A3-9474-1A3956D46DE8}") = "Headless", "Headless", "{D3333333-3333-4333-8333-333333333333}"
EndProject
Project("{2150E333-8FDC-42A3-9474-1A3956D46DE8}") = "UI", "UI", "{D4444444-4444-4444-8444-444444444444}"
EndProject
Project("{2150E333-8FDC-42A3-9474-1A3956D46DE8}") = "Solution Items", "Solution Items", "{8EC462FD-D22E-90A8-E5CE-7E832BA40C5D}"
	ProjectSection(SolutionItems) = preProject
		Directory.Build.props = Directory.Build.props
		Directory.Packages.props = Directory.Packages.props
	EndProjectSection
EndProject
Project("{FAE04EC0-301F-11D3-BF4B-00C04F79EFBC}") = "UiTest.Infrastructure", "tests\UI\UiTest.Infrastructure\UiTest.Infrastructure.csproj", "{E2D3D670-A773-45EE-97DF-00BD4855CE46}"
EndProject
Project("{FAE04EC0-301F-11D3-BF4B-00C04F79EFBC}") = "WinUI.UiTests", "tests\UI\WinUI.UiTests\WinUI.UiTests.csproj", "{14C93139-6F8E-4AEF-ABFE-0D715F9591F9}"
EndProject
Project("{FAE04EC0-301F-11D3-BF4B-00C04F79EFBC}") = "Maui.UiTests", "tests\UI\Maui.UiTests\Maui.UiTests.csproj", "{415204B0-0ED0-4978-803F-7AF2B6033A30}"
EndProject
Global
	GlobalSection(SolutionConfigurationPlatforms) = preSolution
		Debug|Any CPU = Debug|Any CPU
		Debug|x64 = Debug|x64
		Debug|x86 = Debug|x86
		Release|Any CPU = Release|Any CPU
		Release|x64 = Release|x64
		Release|x86 = Release|x86
	EndGlobalSection
	GlobalSection(ProjectConfigurationPlatforms) = postSolution
		{E0E225B6-5897-4B95-9F43-11BD0AEA6ABF}.Debug|Any CPU.ActiveCfg = Debug|Any CPU
		{E0E225B6-5897-4B95-9F43-11BD0AEA6ABF}.Debug|Any CPU.Build.0 = Debug|Any CPU
		{E0E225B6-5897-4B95-9F43-11BD0AEA6ABF}.Debug|x64.ActiveCfg = Debug|Any CPU
		{E0E225B6-5897-4B95-9F43-11BD0AEA6ABF}.Debug|x64.Build.0 = Debug|Any CPU
		{E0E225B6-5897-4B95-9F43-11BD0AEA6ABF}.Debug|x86.ActiveCfg = Debug|Any CPU
		{E0E225B6-5897-4B95-9F43-11BD0AEA6ABF}.Debug|x86.Build.0 = Debug|Any CPU
		{E0E225B6-5897-4B95-9F43-11BD0AEA6ABF}.Release|Any CPU.ActiveCfg = Release|Any CPU
		{E0E225B6-5897-4B95-9F43-11BD0AEA6ABF}.Release|Any CPU.Build.0 = Release|Any CPU
		{E0E225B6-5897-4B95-9F43-11BD0AEA6ABF}.Release|x64.ActiveCfg = Release|Any CPU
		{E0E225B6-5897-4B95-9F43-11BD0AEA6ABF}.Release|x64.Build.0 = Release|Any CPU
		{E0E225B6-5897-4B95-9F43-11BD0AEA6ABF}.Release|x86.ActiveCfg = Release|Any CPU
		{E0E225B6-5897-4B95-9F43-11BD0AEA6ABF}.Release|x86.Build.0 = Release|Any CPU
		{A2222222-2222-4222-8222-222222222222}.Debug|Any CPU.ActiveCfg = Debug|Any CPU
		{A2222222-2222-4222-8222-222222222222}.Debug|Any CPU.Build.0 = Debug|Any CPU
		{A2222222-2222-4222-8222-222222222222}.Debug|x64.ActiveCfg = Debug|Any CPU
		{A2222222-2222-4222-8222-222222222222}.Debug|x64.Build.0 = Debug|Any CPU
		{A2222222-2222-4222-8222-222222222222}.Debug|x86.ActiveCfg = Debug|Any CPU
		{A2222222-2222-4222-8222-222222222222}.Debug|x86.Build.0 = Debug|Any CPU
		{A2222222-2222-4222-8222-222222222222}.Release|Any CPU.ActiveCfg = Release|Any CPU
		{A2222222-2222-4222-8222-222222222222}.Release|Any CPU.Build.0 = Release|Any CPU
		{A2222222-2222-4222-8222-222222222222}.Release|x64.ActiveCfg = Release|Any CPU
		{A2222222-2222-4222-8222-222222222222}.Release|x64.Build.0 = Release|Any CPU
		{A2222222-2222-4222-8222-222222222222}.Release|x86.ActiveCfg = Release|Any CPU
		{A2222222-2222-4222-8222-222222222222}.Release|x86.Build.0 = Release|Any CPU
		{A3333333-3333-4333-8333-333333333333}.Debug|Any CPU.ActiveCfg = Debug|x64
		{A3333333-3333-4333-8333-333333333333}.Debug|x64.ActiveCfg = Debug|x64
		{A3333333-3333-4333-8333-333333333333}.Debug|x64.Build.0 = Debug|x64
		{A3333333-3333-4333-8333-333333333333}.Debug|x86.ActiveCfg = Debug|x64
		{A3333333-3333-4333-8333-333333333333}.Release|Any CPU.ActiveCfg = Release|x64
		{A3333333-3333-4333-8333-333333333333}.Release|x64.ActiveCfg = Release|x64
		{A3333333-3333-4333-8333-333333333333}.Release|x64.Build.0 = Release|x64
		{A3333333-3333-4333-8333-333333333333}.Release|x86.ActiveCfg = Release|x64
		{B7777777-7777-4777-8777-777777777777}.Debug|Any CPU.ActiveCfg = Debug|x64
		{B7777777-7777-4777-8777-777777777777}.Debug|x64.ActiveCfg = Debug|x64
		{B7777777-7777-4777-8777-777777777777}.Debug|x64.Build.0 = Debug|x64
		{B7777777-7777-4777-8777-777777777777}.Debug|x86.ActiveCfg = Debug|x64
		{B7777777-7777-4777-8777-777777777777}.Release|Any CPU.ActiveCfg = Release|x64
		{B7777777-7777-4777-8777-777777777777}.Release|x64.ActiveCfg = Release|x64
		{B7777777-7777-4777-8777-777777777777}.Release|x64.Build.0 = Release|x64
		{B7777777-7777-4777-8777-777777777777}.Release|x86.ActiveCfg = Release|x64
		{A4444444-4444-4444-8444-444444444444}.Debug|Any CPU.ActiveCfg = Debug|Any CPU
		{A4444444-4444-4444-8444-444444444444}.Debug|Any CPU.Build.0 = Debug|Any CPU
		{A4444444-4444-4444-8444-444444444444}.Debug|x64.ActiveCfg = Debug|Any CPU
		{A4444444-4444-4444-8444-444444444444}.Debug|x64.Build.0 = Debug|Any CPU
		{A4444444-4444-4444-8444-444444444444}.Debug|x86.ActiveCfg = Debug|Any CPU
		{A4444444-4444-4444-8444-444444444444}.Debug|x86.Build.0 = Debug|Any CPU
		{A4444444-4444-4444-8444-444444444444}.Release|Any CPU.ActiveCfg = Release|Any CPU
		{A4444444-4444-4444-8444-444444444444}.Release|Any CPU.Build.0 = Release|Any CPU
		{A4444444-4444-4444-8444-444444444444}.Release|x64.ActiveCfg = Release|Any CPU
		{A4444444-4444-4444-8444-444444444444}.Release|x64.Build.0 = Release|Any CPU
		{A4444444-4444-4444-8444-444444444444}.Release|x86.ActiveCfg = Release|Any CPU
		{A4444444-4444-4444-8444-444444444444}.Release|x86.Build.0 = Release|Any CPU
		{A5555555-5555-4555-8555-555555555555}.Debug|Any CPU.ActiveCfg = Debug|Any CPU
		{A5555555-5555-4555-8555-555555555555}.Debug|Any CPU.Build.0 = Debug|Any CPU
		{A5555555-5555-4555-8555-555555555555}.Debug|x64.ActiveCfg = Debug|Any CPU
		{A5555555-5555-4555-8555-555555555555}.Debug|x64.Build.0 = Debug|Any CPU
		{A5555555-5555-4555-8555-555555555555}.Debug|x86.ActiveCfg = Debug|Any CPU
		{A5555555-5555-4555-8555-555555555555}.Debug|x86.Build.0 = Debug|Any CPU
		{A5555555-5555-4555-8555-555555555555}.Release|Any CPU.ActiveCfg = Release|Any CPU
		{A5555555-5555-4555-8555-555555555555}.Release|Any CPU.Build.0 = Release|Any CPU
		{A5555555-5555-4555-8555-555555555555}.Release|x64.ActiveCfg = Release|Any CPU
		{A5555555-5555-4555-8555-555555555555}.Release|x64.Build.0 = Release|Any CPU
		{A5555555-5555-4555-8555-555555555555}.Release|x86.ActiveCfg = Release|Any CPU
		{A5555555-5555-4555-8555-555555555555}.Release|x86.Build.0 = Release|Any CPU
		{98A8C60B-08CB-4EBC-B7AB-96EF55E0EF6A}.Debug|Any CPU.ActiveCfg = Debug|Any CPU
		{98A8C60B-08CB-4EBC-B7AB-96EF55E0EF6A}.Debug|Any CPU.Build.0 = Debug|Any CPU
		{98A8C60B-08CB-4EBC-B7AB-96EF55E0EF6A}.Debug|x64.ActiveCfg = Debug|Any CPU
		{98A8C60B-08CB-4EBC-B7AB-96EF55E0EF6A}.Debug|x64.Build.0 = Debug|Any CPU
		{98A8C60B-08CB-4EBC-B7AB-96EF55E0EF6A}.Debug|x86.ActiveCfg = Debug|Any CPU
		{98A8C60B-08CB-4EBC-B7AB-96EF55E0EF6A}.Debug|x86.Build.0 = Debug|Any CPU
		{98A8C60B-08CB-4EBC-B7AB-96EF55E0EF6A}.Release|Any CPU.ActiveCfg = Release|Any CPU
		{98A8C60B-08CB-4EBC-B7AB-96EF55E0EF6A}.Release|Any CPU.Build.0 = Release|Any CPU
		{98A8C60B-08CB-4EBC-B7AB-96EF55E0EF6A}.Release|x64.ActiveCfg = Release|Any CPU
		{98A8C60B-08CB-4EBC-B7AB-96EF55E0EF6A}.Release|x64.Build.0 = Release|Any CPU
		{98A8C60B-08CB-4EBC-B7AB-96EF55E0EF6A}.Release|x86.ActiveCfg = Release|Any CPU
		{98A8C60B-08CB-4EBC-B7AB-96EF55E0EF6A}.Release|x86.Build.0 = Release|Any CPU
		{C5B72293-A9C6-4027-B65C-AE0FB855C74C}.Debug|Any CPU.ActiveCfg = Debug|Any CPU
		{C5B72293-A9C6-4027-B65C-AE0FB855C74C}.Debug|Any CPU.Build.0 = Debug|Any CPU
		{C5B72293-A9C6-4027-B65C-AE0FB855C74C}.Debug|x64.ActiveCfg = Debug|Any CPU
		{C5B72293-A9C6-4027-B65C-AE0FB855C74C}.Debug|x64.Build.0 = Debug|Any CPU
		{C5B72293-A9C6-4027-B65C-AE0FB855C74C}.Debug|x86.ActiveCfg = Debug|Any CPU
		{C5B72293-A9C6-4027-B65C-AE0FB855C74C}.Debug|x86.Build.0 = Debug|Any CPU
		{C5B72293-A9C6-4027-B65C-AE0FB855C74C}.Release|Any CPU.ActiveCfg = Release|Any CPU
		{C5B72293-A9C6-4027-B65C-AE0FB855C74C}.Release|Any CPU.Build.0 = Release|Any CPU
		{C5B72293-A9C6-4027-B65C-AE0FB855C74C}.Release|x64.ActiveCfg = Release|Any CPU
		{C5B72293-A9C6-4027-B65C-AE0FB855C74C}.Release|x64.Build.0 = Release|Any CPU
		{C5B72293-A9C6-4027-B65C-AE0FB855C74C}.Release|x86.ActiveCfg = Release|Any CPU
		{C5B72293-A9C6-4027-B65C-AE0FB855C74C}.Release|x86.Build.0 = Release|Any CPU
		{685E2074-F98C-4452-B626-6BC70CCD314B}.Debug|Any CPU.ActiveCfg = Debug|x64
		{685E2074-F98C-4452-B626-6BC70CCD314B}.Debug|Any CPU.Build.0 = Debug|x64
		{685E2074-F98C-4452-B626-6BC70CCD314B}.Debug|x64.ActiveCfg = Debug|x64
		{685E2074-F98C-4452-B626-6BC70CCD314B}.Debug|x64.Build.0 = Debug|x64
		{685E2074-F98C-4452-B626-6BC70CCD314B}.Debug|x86.ActiveCfg = Debug|x64
		{685E2074-F98C-4452-B626-6BC70CCD314B}.Debug|x86.Build.0 = Debug|x64
		{685E2074-F98C-4452-B626-6BC70CCD314B}.Release|Any CPU.ActiveCfg = Release|x64
		{685E2074-F98C-4452-B626-6BC70CCD314B}.Release|Any CPU.Build.0 = Release|x64
		{685E2074-F98C-4452-B626-6BC70CCD314B}.Release|x64.ActiveCfg = Release|x64
		{685E2074-F98C-4452-B626-6BC70CCD314B}.Release|x64.Build.0 = Release|x64
		{685E2074-F98C-4452-B626-6BC70CCD314B}.Release|x86.ActiveCfg = Release|x64
		{685E2074-F98C-4452-B626-6BC70CCD314B}.Release|x86.Build.0 = Release|x64
		{A1111111-1111-4111-8111-111111111111}.Debug|Any CPU.ActiveCfg = Debug|Any CPU
		{A1111111-1111-4111-8111-111111111111}.Debug|Any CPU.Build.0 = Debug|Any CPU
		{A1111111-1111-4111-8111-111111111111}.Debug|x64.ActiveCfg = Debug|Any CPU
		{A1111111-1111-4111-8111-111111111111}.Debug|x64.Build.0 = Debug|Any CPU
		{A1111111-1111-4111-8111-111111111111}.Debug|x86.ActiveCfg = Debug|Any CPU
		{A1111111-1111-4111-8111-111111111111}.Debug|x86.Build.0 = Debug|Any CPU
		{A1111111-1111-4111-8111-111111111111}.Release|Any CPU.ActiveCfg = Release|Any CPU
		{A1111111-1111-4111-8111-111111111111}.Release|Any CPU.Build.0 = Release|Any CPU
		{A1111111-1111-4111-8111-111111111111}.Release|x64.ActiveCfg = Release|Any CPU
		{A1111111-1111-4111-8111-111111111111}.Release|x64.Build.0 = Release|Any CPU
		{A1111111-1111-4111-8111-111111111111}.Release|x86.ActiveCfg = Release|Any CPU
		{A1111111-1111-4111-8111-111111111111}.Release|x86.Build.0 = Release|Any CPU
		{0962B178-DB11-48F2-8B5A-32A1E07A7DA8}.Debug|Any CPU.ActiveCfg = Debug|Any CPU
		{0962B178-DB11-48F2-8B5A-32A1E07A7DA8}.Debug|Any CPU.Build.0 = Debug|Any CPU
		{0962B178-DB11-48F2-8B5A-32A1E07A7DA8}.Debug|Any CPU.Deploy.0 = Debug|Any CPU
		{0962B178-DB11-48F2-8B5A-32A1E07A7DA8}.Debug|x64.ActiveCfg = Debug|Any CPU
		{0962B178-DB11-48F2-8B5A-32A1E07A7DA8}.Debug|x64.Build.0 = Debug|Any CPU
		{0962B178-DB11-48F2-8B5A-32A1E07A7DA8}.Debug|x86.ActiveCfg = Debug|Any CPU
		{0962B178-DB11-48F2-8B5A-32A1E07A7DA8}.Debug|x86.Build.0 = Debug|Any CPU
		{0962B178-DB11-48F2-8B5A-32A1E07A7DA8}.Release|Any CPU.ActiveCfg = Release|Any CPU
		{0962B178-DB11-48F2-8B5A-32A1E07A7DA8}.Release|Any CPU.Build.0 = Release|Any CPU
		{0962B178-DB11-48F2-8B5A-32A1E07A7DA8}.Release|x64.ActiveCfg = Release|Any CPU
		{0962B178-DB11-48F2-8B5A-32A1E07A7DA8}.Release|x64.Build.0 = Release|Any CPU
		{0962B178-DB11-48F2-8B5A-32A1E07A7DA8}.Release|x86.ActiveCfg = Release|Any CPU
		{0962B178-DB11-48F2-8B5A-32A1E07A7DA8}.Release|x86.Build.0 = Release|Any CPU
		{DDE142A5-E09D-45B1-B3AF-9939448A0348}.Debug|Any CPU.ActiveCfg = Debug|Any CPU
		{DDE142A5-E09D-45B1-B3AF-9939448A0348}.Debug|Any CPU.Build.0 = Debug|Any CPU
		{DDE142A5-E09D-45B1-B3AF-9939448A0348}.Debug|x64.ActiveCfg = Debug|Any CPU
		{DDE142A5-E09D-45B1-B3AF-9939448A0348}.Debug|x64.Build.0 = Debug|Any CPU
		{DDE142A5-E09D-45B1-B3AF-9939448A0348}.Debug|x86.ActiveCfg = Debug|Any CPU
		{DDE142A5-E09D-45B1-B3AF-9939448A0348}.Debug|x86.Build.0 = Debug|Any CPU
		{DDE142A5-E09D-45B1-B3AF-9939448A0348}.Release|Any CPU.ActiveCfg = Release|Any CPU
		{DDE142A5-E09D-45B1-B3AF-9939448A0348}.Release|Any CPU.Build.0 = Release|Any CPU
		{DDE142A5-E09D-45B1-B3AF-9939448A0348}.Release|x64.ActiveCfg = Release|Any CPU
		{DDE142A5-E09D-45B1-B3AF-9939448A0348}.Release|x64.Build.0 = Release|Any CPU
		{DDE142A5-E09D-45B1-B3AF-9939448A0348}.Release|x86.ActiveCfg = Release|Any CPU
		{DDE142A5-E09D-45B1-B3AF-9939448A0348}.Release|x86.Build.0 = Release|Any CPU
		{C1111111-1111-4111-8111-111111111111}.Debug|Any CPU.ActiveCfg = Debug|Any CPU
		{C1111111-1111-4111-8111-111111111111}.Debug|Any CPU.Build.0 = Debug|Any CPU
		{C1111111-1111-4111-8111-111111111111}.Debug|x64.ActiveCfg = Debug|Any CPU
		{C1111111-1111-4111-8111-111111111111}.Debug|x64.Build.0 = Debug|Any CPU
		{C1111111-1111-4111-8111-111111111111}.Debug|x86.ActiveCfg = Debug|Any CPU
		{C1111111-1111-4111-8111-111111111111}.Debug|x86.Build.0 = Debug|Any CPU
		{C1111111-1111-4111-8111-111111111111}.Release|Any CPU.ActiveCfg = Release|Any CPU
		{C1111111-1111-4111-8111-111111111111}.Release|Any CPU.Build.0 = Release|Any CPU
		{C1111111-1111-4111-8111-111111111111}.Release|x64.ActiveCfg = Release|Any CPU
		{C1111111-1111-4111-8111-111111111111}.Release|x64.Build.0 = Release|Any CPU
		{C1111111-1111-4111-8111-111111111111}.Release|x86.ActiveCfg = Release|Any CPU
		{C1111111-1111-4111-8111-111111111111}.Release|x86.Build.0 = Release|Any CPU
		{C5555555-5555-4555-8555-555555555555}.Debug|Any CPU.ActiveCfg = Debug|Any CPU
		{C5555555-5555-4555-8555-555555555555}.Debug|Any CPU.Build.0 = Debug|Any CPU
		{C5555555-5555-4555-8555-555555555555}.Debug|x64.ActiveCfg = Debug|Any CPU
		{C5555555-5555-4555-8555-555555555555}.Debug|x64.Build.0 = Debug|Any CPU
		{C5555555-5555-4555-8555-555555555555}.Debug|x86.ActiveCfg = Debug|Any CPU
		{C5555555-5555-4555-8555-555555555555}.Debug|x86.Build.0 = Debug|Any CPU
		{C5555555-5555-4555-8555-555555555555}.Release|Any CPU.ActiveCfg = Release|Any CPU
		{C5555555-5555-4555-8555-555555555555}.Release|Any CPU.Build.0 = Release|Any CPU
		{C5555555-5555-4555-8555-555555555555}.Release|x64.ActiveCfg = Release|Any CPU
		{C5555555-5555-4555-8555-555555555555}.Release|x64.Build.0 = Release|Any CPU
		{C5555555-5555-4555-8555-555555555555}.Release|x86.ActiveCfg = Release|Any CPU
		{C5555555-5555-4555-8555-555555555555}.Release|x86.Build.0 = Release|Any CPU
		{C2222222-2222-4222-8222-222222222222}.Debug|Any CPU.ActiveCfg = Debug|Any CPU
		{C2222222-2222-4222-8222-222222222222}.Debug|Any CPU.Build.0 = Debug|Any CPU
		{C2222222-2222-4222-8222-222222222222}.Debug|x64.ActiveCfg = Debug|Any CPU
		{C2222222-2222-4222-8222-222222222222}.Debug|x64.Build.0 = Debug|Any CPU
		{C2222222-2222-4222-8222-222222222222}.Debug|x86.ActiveCfg = Debug|Any CPU
		{C2222222-2222-4222-8222-222222222222}.Debug|x86.Build.0 = Debug|Any CPU
		{C2222222-2222-4222-8222-222222222222}.Release|Any CPU.ActiveCfg = Release|Any CPU
		{C2222222-2222-4222-8222-222222222222}.Release|Any CPU.Build.0 = Release|Any CPU
		{C2222222-2222-4222-8222-222222222222}.Release|x64.ActiveCfg = Release|Any CPU
		{C2222222-2222-4222-8222-222222222222}.Release|x64.Build.0 = Release|Any CPU
		{C2222222-2222-4222-8222-222222222222}.Release|x86.ActiveCfg = Release|Any CPU
		{C2222222-2222-4222-8222-222222222222}.Release|x86.Build.0 = Release|Any CPU
		{C6666666-6666-4666-8666-666666666666}.Debug|Any CPU.ActiveCfg = Debug|x64
		{C6666666-6666-4666-8666-666666666666}.Debug|Any CPU.Build.0 = Debug|x64
		{C6666666-6666-4666-8666-666666666666}.Debug|x64.ActiveCfg = Debug|x64
		{C6666666-6666-4666-8666-666666666666}.Debug|x64.Build.0 = Debug|x64
		{C6666666-6666-4666-8666-666666666666}.Debug|x86.ActiveCfg = Debug|x64
		{C6666666-6666-4666-8666-666666666666}.Release|Any CPU.ActiveCfg = Release|x64
		{C6666666-6666-4666-8666-666666666666}.Release|Any CPU.Build.0 = Release|x64
		{C6666666-6666-4666-8666-666666666666}.Release|x64.ActiveCfg = Release|x64
		{C6666666-6666-4666-8666-666666666666}.Release|x64.Build.0 = Release|x64
		{C6666666-6666-4666-8666-666666666666}.Release|x86.ActiveCfg = Release|x64
		{C7777777-7777-4777-8777-777777777777}.Debug|Any CPU.ActiveCfg = Debug|x64
		{C7777777-7777-4777-8777-777777777777}.Debug|Any CPU.Build.0 = Debug|x64
		{C7777777-7777-4777-8777-777777777777}.Debug|x64.ActiveCfg = Debug|x64
		{C7777777-7777-4777-8777-777777777777}.Debug|x64.Build.0 = Debug|x64
		{C7777777-7777-4777-8777-777777777777}.Debug|x86.ActiveCfg = Debug|x64
		{C7777777-7777-4777-8777-777777777777}.Release|Any CPU.ActiveCfg = Release|x64
		{C7777777-7777-4777-8777-777777777777}.Release|Any CPU.Build.0 = Release|x64
		{C7777777-7777-4777-8777-777777777777}.Release|x64.ActiveCfg = Release|x64
		{C7777777-7777-4777-8777-777777777777}.Release|x64.Build.0 = Release|x64
		{C7777777-7777-4777-8777-777777777777}.Release|x86.ActiveCfg = Release|x64
		{C3333333-3333-4333-8333-333333333333}.Debug|Any CPU.ActiveCfg = Debug|Any CPU
		{C3333333-3333-4333-8333-333333333333}.Debug|Any CPU.Build.0 = Debug|Any CPU
		{C3333333-3333-4333-8333-333333333333}.Debug|x64.ActiveCfg = Debug|Any CPU
		{C3333333-3333-4333-8333-333333333333}.Debug|x64.Build.0 = Debug|Any CPU
		{C3333333-3333-4333-8333-333333333333}.Debug|x86.ActiveCfg = Debug|Any CPU
		{C3333333-3333-4333-8333-333333333333}.Debug|x86.Build.0 = Debug|Any CPU
		{C3333333-3333-4333-8333-333333333333}.Release|Any CPU.ActiveCfg = Release|Any CPU
		{C3333333-3333-4333-8333-333333333333}.Release|Any CPU.Build.0 = Release|Any CPU
		{C3333333-3333-4333-8333-333333333333}.Release|x64.ActiveCfg = Release|Any CPU
		{C3333333-3333-4333-8333-333333333333}.Release|x64.Build.0 = Release|Any CPU
		{C3333333-3333-4333-8333-333333333333}.Release|x86.ActiveCfg = Release|Any CPU
		{C3333333-3333-4333-8333-333333333333}.Release|x86.Build.0 = Release|Any CPU
		{C4444444-4444-4444-8444-444444444444}.Debug|Any CPU.ActiveCfg = Debug|Any CPU
		{C4444444-4444-4444-8444-444444444444}.Debug|Any CPU.Build.0 = Debug|Any CPU
		{C4444444-4444-4444-8444-444444444444}.Debug|x64.ActiveCfg = Debug|Any CPU
		{C4444444-4444-4444-8444-444444444444}.Debug|x64.Build.0 = Debug|Any CPU
		{C4444444-4444-4444-8444-444444444444}.Debug|x86.ActiveCfg = Debug|Any CPU
		{C4444444-4444-4444-8444-444444444444}.Debug|x86.Build.0 = Debug|Any CPU
		{C4444444-4444-4444-8444-444444444444}.Release|Any CPU.ActiveCfg = Release|Any CPU
		{C4444444-4444-4444-8444-444444444444}.Release|Any CPU.Build.0 = Release|Any CPU
		{C4444444-4444-4444-8444-444444444444}.Release|x64.ActiveCfg = Release|Any CPU
		{C4444444-4444-4444-8444-444444444444}.Release|x64.Build.0 = Release|Any CPU
		{C4444444-4444-4444-8444-444444444444}.Release|x86.ActiveCfg = Release|Any CPU
		{C4444444-4444-4444-8444-444444444444}.Release|x86.Build.0 = Release|Any CPU
		{E2D3D670-A773-45EE-97DF-00BD4855CE46}.Debug|Any CPU.ActiveCfg = Debug|Any CPU
		{E2D3D670-A773-45EE-97DF-00BD4855CE46}.Debug|Any CPU.Build.0 = Debug|Any CPU
		{E2D3D670-A773-45EE-97DF-00BD4855CE46}.Debug|x64.ActiveCfg = Debug|Any CPU
		{E2D3D670-A773-45EE-97DF-00BD4855CE46}.Debug|x64.Build.0 = Debug|Any CPU
		{E2D3D670-A773-45EE-97DF-00BD4855CE46}.Debug|x86.ActiveCfg = Debug|Any CPU
		{E2D3D670-A773-45EE-97DF-00BD4855CE46}.Debug|x86.Build.0 = Debug|Any CPU
		{E2D3D670-A773-45EE-97DF-00BD4855CE46}.Release|Any CPU.ActiveCfg = Release|Any CPU
		{E2D3D670-A773-45EE-97DF-00BD4855CE46}.Release|Any CPU.Build.0 = Release|Any CPU
		{E2D3D670-A773-45EE-97DF-00BD4855CE46}.Release|x64.ActiveCfg = Release|Any CPU
		{E2D3D670-A773-45EE-97DF-00BD4855CE46}.Release|x64.Build.0 = Release|Any CPU
		{E2D3D670-A773-45EE-97DF-00BD4855CE46}.Release|x86.ActiveCfg = Release|Any CPU
		{E2D3D670-A773-45EE-97DF-00BD4855CE46}.Release|x86.Build.0 = Release|Any CPU
		{14C93139-6F8E-4AEF-ABFE-0D715F9591F9}.Debug|Any CPU.ActiveCfg = Debug|Any CPU
		{14C93139-6F8E-4AEF-ABFE-0D715F9591F9}.Debug|Any CPU.Build.0 = Debug|Any CPU
		{14C93139-6F8E-4AEF-ABFE-0D715F9591F9}.Debug|x64.ActiveCfg = Debug|Any CPU
		{14C93139-6F8E-4AEF-ABFE-0D715F9591F9}.Debug|x64.Build.0 = Debug|Any CPU
		{14C93139-6F8E-4AEF-ABFE-0D715F9591F9}.Debug|x86.ActiveCfg = Debug|Any CPU
		{14C93139-6F8E-4AEF-ABFE-0D715F9591F9}.Debug|x86.Build.0 = Debug|Any CPU
		{14C93139-6F8E-4AEF-ABFE-0D715F9591F9}.Release|Any CPU.ActiveCfg = Release|Any CPU
		{14C93139-6F8E-4AEF-ABFE-0D715F9591F9}.Release|Any CPU.Build.0 = Release|Any CPU
		{14C93139-6F8E-4AEF-ABFE-0D715F9591F9}.Release|x64.ActiveCfg = Release|Any CPU
		{14C93139-6F8E-4AEF-ABFE-0D715F9591F9}.Release|x64.Build.0 = Release|Any CPU
		{14C93139-6F8E-4AEF-ABFE-0D715F9591F9}.Release|x86.ActiveCfg = Release|Any CPU
		{14C93139-6F8E-4AEF-ABFE-0D715F9591F9}.Release|x86.Build.0 = Release|Any CPU
		{415204B0-0ED0-4978-803F-7AF2B6033A30}.Debug|Any CPU.ActiveCfg = Debug|Any CPU
		{415204B0-0ED0-4978-803F-7AF2B6033A30}.Debug|Any CPU.Build.0 = Debug|Any CPU
		{415204B0-0ED0-4978-803F-7AF2B6033A30}.Debug|x64.ActiveCfg = Debug|Any CPU
		{415204B0-0ED0-4978-803F-7AF2B6033A30}.Debug|x64.Build.0 = Debug|Any CPU
		{415204B0-0ED0-4978-803F-7AF2B6033A30}.Debug|x86.ActiveCfg = Debug|Any CPU
		{415204B0-0ED0-4978-803F-7AF2B6033A30}.Debug|x86.Build.0 = Debug|Any CPU
		{415204B0-0ED0-4978-803F-7AF2B6033A30}.Release|Any CPU.ActiveCfg = Release|Any CPU
		{415204B0-0ED0-4978-803F-7AF2B6033A30}.Release|Any CPU.Build.0 = Release|Any CPU
		{415204B0-0ED0-4978-803F-7AF2B6033A30}.Release|x64.ActiveCfg = Release|Any CPU
		{415204B0-0ED0-4978-803F-7AF2B6033A30}.Release|x64.Build.0 = Release|Any CPU
		{415204B0-0ED0-4978-803F-7AF2B6033A30}.Release|x86.ActiveCfg = Release|Any CPU
		{415204B0-0ED0-4978-803F-7AF2B6033A30}.Release|x86.Build.0 = Release|Any CPU
	EndGlobalSection
	GlobalSection(SolutionProperties) = preSolution
		HideSolutionNode = FALSE
	EndGlobalSection
	GlobalSection(NestedProjects) = preSolution
		{B7777777-7777-4777-8777-777777777777} = {8D51AF56-679A-4A71-ADAF-6C707FFDAB45}
		{E0E225B6-5897-4B95-9F43-11BD0AEA6ABF} = {8D51AF56-679A-4A71-ADAF-6C707FFDAB45}
		{A2222222-2222-4222-8222-222222222222} = {B6666666-6666-4666-8666-666666666666}
		{A3333333-3333-4333-8333-333333333333} = {B6666666-6666-4666-8666-666666666666}
		{A4444444-4444-4444-8444-444444444444} = {B6666666-6666-4666-8666-666666666666}
		{A5555555-5555-4555-8555-555555555555} = {B6666666-6666-4666-8666-666666666666}
		{98A8C60B-08CB-4EBC-B7AB-96EF55E0EF6A} = {8D51AF56-679A-4A71-ADAF-6C707FFDAB45}
		{C5B72293-A9C6-4027-B65C-AE0FB855C74C} = {8D51AF56-679A-4A71-ADAF-6C707FFDAB45}
		{685E2074-F98C-4452-B626-6BC70CCD314B} = {32399779-9540-46A4-B468-C3A43B4E9DA8}
		{A1111111-1111-4111-8111-111111111111} = {32399779-9540-46A4-B468-C3A43B4E9DA8}
		{0962B178-DB11-48F2-8B5A-32A1E07A7DA8} = {32399779-9540-46A4-B468-C3A43B4E9DA8}
		{DDE142A5-E09D-45B1-B3AF-9939448A0348} = {32399779-9540-46A4-B468-C3A43B4E9DA8}
		{C1111111-1111-4111-8111-111111111111} = {D1111111-1111-4111-8111-111111111111}
		{C5555555-5555-4555-8555-555555555555} = {D1111111-1111-4111-8111-111111111111}
		{C2222222-2222-4222-8222-222222222222} = {D2222222-2222-4222-8222-222222222222}
		{C6666666-6666-4666-8666-666666666666} = {D2222222-2222-4222-8222-222222222222}
		{C7777777-7777-4777-8777-777777777777} = {D2222222-2222-4222-8222-222222222222}
		{C3333333-3333-4333-8333-333333333333} = {D3333333-3333-4333-8333-333333333333}
		{C4444444-4444-4444-8444-444444444444} = {D4444444-4444-4444-8444-444444444444}
		{B6666666-6666-4666-8666-666666666666} = {8D51AF56-679A-4A71-ADAF-6C707FFDAB45}
		{32399779-9540-46A4-B468-C3A43B4E9DA8} = {8D51AF56-679A-4A71-ADAF-6C707FFDAB45}
		{D1111111-1111-4111-8111-111111111111} = {19DFF8CD-A4D5-4554-8FB5-DC63B2290727}
		{D2222222-2222-4222-8222-222222222222} = {19DFF8CD-A4D5-4554-8FB5-DC63B2290727}
		{D3333333-3333-4333-8333-333333333333} = {19DFF8CD-A4D5-4554-8FB5-DC63B2290727}
		{D4444444-4444-4444-8444-444444444444} = {19DFF8CD-A4D5-4554-8FB5-DC63B2290727}
		{E2D3D670-A773-45EE-97DF-00BD4855CE46} = {D4444444-4444-4444-8444-444444444444}
		{14C93139-6F8E-4AEF-ABFE-0D715F9591F9} = {D4444444-4444-4444-8444-444444444444}
		{415204B0-0ED0-4978-803F-7AF2B6033A30} = {D4444444-4444-4444-8444-444444444444}
	EndGlobalSection
	GlobalSection(ExtensibilityGlobals) = postSolution
		SolutionGuid = {223A1CAE-EBC0-4561-8479-34812E71ADBC}
	EndGlobalSection
EndGlobal
